
Microsoft Visual Studio Solution File, Format Version 12.00
# Visual Studio Version 17
VisualStudioVersion = 17.2.32526.322
MinimumVisualStudioVersion = 10.0.40219.1
Project("{FAE04EC0-301F-11D3-BF4B-00C04F79EFBC}") = "TheStory", "TheStory\TheStory.csproj", "{C795EE50-8F05-49EC-A00A-885377F59024}"
EndProject
Global
	GlobalSection(SolutionConfigurationPlatforms) = preSolution
		Debug|Any CPU = Debug|Any CPU
		Release|Any CPU = Release|Any CPU
	EndGlobalSection
	GlobalSection(ProjectConfigurationPlatforms) = postSolution
		{C795EE50-8F05-49EC-A00A-885377F59024}.Debug|Any CPU.ActiveCfg = Debug|Any CPU
		{C795EE50-8F05-49EC-A00A-885377F59024}.Debug|Any CPU.Build.0 = Debug|Any CPU
		{C795EE50-8F05-49EC-A00A-885377F59024}.Release|Any CPU.ActiveCfg = Release|Any CPU
		{C795EE50-8F05-49EC-A00A-885377F59024}.Release|Any CPU.Build.0 = Release|Any CPU
	EndGlobalSection
	GlobalSection(SolutionProperties) = preSolution
		HideSolutionNode = FALSE
	EndGlobalSection
	GlobalSection(ExtensibilityGlobals) = postSolution
		SolutionGuid = {4833E661-0794-4B74-89FB-E317F15EA98E}
	EndGlobalSection
EndGlobal
